
Microsoft Visual Studio Solution File, Format Version 12.00
# Visual Studio 15
VisualStudioVersion = 15.0.27703.2018
MinimumVisualStudioVersion = 10.0.40219.1
Project("{FAE04EC0-301F-11D3-BF4B-00C04F79EFBC}") = "AssetManagerWebAPI", "AssetManagerWebAPI\AssetManagerWebAPI.csproj", "{2CB94EED-7EA4-4012-9E9D-A60236D8FB8F}"
EndProject
Project("{FAE04EC0-301F-11D3-BF4B-00C04F79EFBC}") = "AssetManagerWebAPI.Tests", "AssetManagerWebAPI.Tests\AssetManagerWebAPI.Tests.csproj", "{187F39A6-F8D7-4CD3-BB10-459F0E76528F}"
EndProject
Project("{FAE04EC0-301F-11D3-BF4B-00C04F79EFBC}") = "AssetLibrary", "..\AssetLibrary\AssetLibrary.csproj", "{1959B5ED-C595-4EA2-A5D1-D0095B71332A}"
EndProject
Global
	GlobalSection(SolutionConfigurationPlatforms) = preSolution
		Debug|Any CPU = Debug|Any CPU
		Release|Any CPU = Release|Any CPU
	EndGlobalSection
	GlobalSection(ProjectConfigurationPlatforms) = postSolution
		{2CB94EED-7EA4-4012-9E9D-A60236D8FB8F}.Debug|Any CPU.ActiveCfg = Debug|Any CPU
		{2CB94EED-7EA4-4012-9E9D-A60236D8FB8F}.Debug|Any CPU.Build.0 = Debug|Any CPU
		{2CB94EED-7EA4-4012-9E9D-A60236D8FB8F}.Release|Any CPU.ActiveCfg = Release|Any CPU
		{2CB94EED-7EA4-4012-9E9D-A60236D8FB8F}.Release|Any CPU.Build.0 = Release|Any CPU
		{187F39A6-F8D7-4CD3-BB10-459F0E76528F}.Debug|Any CPU.ActiveCfg = Debug|Any CPU
		{187F39A6-F8D7-4CD3-BB10-459F0E76528F}.Debug|Any CPU.Build.0 = Debug|Any CPU
		{187F39A6-F8D7-4CD3-BB10-459F0E76528F}.Release|Any CPU.ActiveCfg = Release|Any CPU
		{187F39A6-F8D7-4CD3-BB10-459F0E76528F}.Release|Any CPU.Build.0 = Release|Any CPU
		{1959B5ED-C595-4EA2-A5D1-D0095B71332A}.Debug|Any CPU.ActiveCfg = Debug|Any CPU
		{1959B5ED-C595-4EA2-A5D1-D0095B71332A}.Debug|Any CPU.Build.0 = Debug|Any CPU
		{1959B5ED-C595-4EA2-A5D1-D0095B71332A}.Release|Any CPU.ActiveCfg = Release|Any CPU
		{1959B5ED-C595-4EA2-A5D1-D0095B71332A}.Release|Any CPU.Build.0 = Release|Any CPU
	EndGlobalSection
	GlobalSection(SolutionProperties) = preSolution
		HideSolutionNode = FALSE
	EndGlobalSection
	GlobalSection(ExtensibilityGlobals) = postSolution
		SolutionGuid = {8A7E2675-87D9-431C-A050-8C40343E779B}
	EndGlobalSection
EndGlobal
